
Microsoft Visual Studio Solution File, Format Version 12.00
# Visual Studio Version 17
VisualStudioVersion = 17.4.33205.214
MinimumVisualStudioVersion = 10.0.40219.1
Project("{FAE04EC0-301F-11D3-BF4B-00C04F79EFBC}") = "Pagination", "Pagination\Pagination.csproj", "{CBDF49F8-F5D4-495D-8C58-26955959991D}"
EndProject
Global
	GlobalSection(SolutionConfigurationPlatforms) = preSolution
		Debug|Any CPU = Debug|Any CPU
		Release|Any CPU = Release|Any CPU
	EndGlobalSection
	GlobalSection(ProjectConfigurationPlatforms) = postSolution
		{CBDF49F8-F5D4-495D-8C58-26955959991D}.Debug|Any CPU.ActiveCfg = Debug|Any CPU
		{CBDF49F8-F5D4-495D-8C58-26955959991D}.Debug|Any CPU.Build.0 = Debug|Any CPU
		{CBDF49F8-F5D4-495D-8C58-26955959991D}.Release|Any CPU.ActiveCfg = Release|Any CPU
		{CBDF49F8-F5D4-495D-8C58-26955959991D}.Release|Any CPU.Build.0 = Release|Any CPU
	EndGlobalSection
	GlobalSection(SolutionProperties) = preSolution
		HideSolutionNode = FALSE
	EndGlobalSection
	GlobalSection(ExtensibilityGlobals) = postSolution
		SolutionGuid = {F0896CAE-03B5-4D78-A7C5-CCEAD208A5F7}
	EndGlobalSection
EndGlobal
